
Microsoft Visual Studio Solution File, Format Version 12.00
# Visual Studio Version 16
VisualStudioVersion = 16.0.30011.22
MinimumVisualStudioVersion = 10.0.40219.1
Project("{FAE04EC0-301F-11D3-BF4B-00C04F79EFBC}") = "Macros", "Macros\Macros.csproj", "{92F33BB4-25D1-4657-A897-7B0FA04C50F7}"
EndProject
Project("{FAE04EC0-301F-11D3-BF4B-00C04F79EFBC}") = "MacrosTests", "MacrosTests\MacrosTests.csproj", "{87C9B2E0-C71D-4942-93A6-3740038102DF}"
EndProject
Global
	GlobalSection(SolutionConfigurationPlatforms) = preSolution
		Debug|Any CPU = Debug|Any CPU
		Release|Any CPU = Release|Any CPU
	EndGlobalSection
	GlobalSection(ProjectConfigurationPlatforms) = postSolution
		{92F33BB4-25D1-4657-A897-7B0FA04C50F7}.Debug|Any CPU.ActiveCfg = Debug|Any CPU
		{92F33BB4-25D1-4657-A897-7B0FA04C50F7}.Debug|Any CPU.Build.0 = Debug|Any CPU
		{92F33BB4-25D1-4657-A897-7B0FA04C50F7}.Release|Any CPU.ActiveCfg = Release|Any CPU
		{92F33BB4-25D1-4657-A897-7B0FA04C50F7}.Release|Any CPU.Build.0 = Release|Any CPU
		{87C9B2E0-C71D-4942-93A6-3740038102DF}.Debug|Any CPU.ActiveCfg = Debug|Any CPU
		{87C9B2E0-C71D-4942-93A6-3740038102DF}.Debug|Any CPU.Build.0 = Debug|Any CPU
		{87C9B2E0-C71D-4942-93A6-3740038102DF}.Release|Any CPU.ActiveCfg = Release|Any CPU
		{87C9B2E0-C71D-4942-93A6-3740038102DF}.Release|Any CPU.Build.0 = Release|Any CPU
	EndGlobalSection
	GlobalSection(SolutionProperties) = preSolution
		HideSolutionNode = FALSE
	EndGlobalSection
	GlobalSection(ExtensibilityGlobals) = postSolution
		SolutionGuid = {7D0567A3-3BA4-4A08-B09A-06C346E732E8}
	EndGlobalSection
EndGlobal
